
Microsoft Visual Studio Solution File, Format Version 12.00
# Visual Studio Version 16
VisualStudioVersion = 16.0.30204.135
MinimumVisualStudioVersion = 10.0.40219.1
Project("{2150E333-8FDC-42A3-9474-1A3956D46DE8}") = "DataFilling", "DataFilling", "{C2B84E31-72F8-4FEC-9966-24E88B096A4C}"
EndProject
Project("{9A19103F-16F7-4668-BE54-9A1E7A4F7556}") = "DAL", "DAL\DAL.csproj", "{8A2E9932-9AFC-4A42-A919-8DD52ED7702A}"
EndProject
Project("{9A19103F-16F7-4668-BE54-9A1E7A4F7556}") = "DAL.Tests", "DAL.Tests\DAL.Tests.csproj", "{4D632EE5-6777-421A-BA3D-1A7153541515}"
EndProject
Project("{FAE04EC0-301F-11D3-BF4B-00C04F79EFBC}") = "BLL", "BLL\BLL.csproj", "{DEE8E52E-5EF8-4170-A525-145E64612F81}"
EndProject
Project("{FAE04EC0-301F-11D3-BF4B-00C04F79EFBC}") = "CCL", "CCL\CCL.csproj", "{EC134E90-7B18-4882-B7F0-119208A624F3}"
EndProject
Project("{FAE04EC0-301F-11D3-BF4B-00C04F79EFBC}") = "BLL.Tests111", "BLL.Tests111\BLL.Tests111.csproj", "{CBEDF3FD-DC12-42BD-9871-CE588E25B60E}"
EndProject
Global
	GlobalSection(SolutionConfigurationPlatforms) = preSolution
		Debug|Any CPU = Debug|Any CPU
		Release|Any CPU = Release|Any CPU
	EndGlobalSection
	GlobalSection(ProjectConfigurationPlatforms) = postSolution
		{8A2E9932-9AFC-4A42-A919-8DD52ED7702A}.Debug|Any CPU.ActiveCfg = Debug|Any CPU
		{8A2E9932-9AFC-4A42-A919-8DD52ED7702A}.Debug|Any CPU.Build.0 = Debug|Any CPU
		{8A2E9932-9AFC-4A42-A919-8DD52ED7702A}.Release|Any CPU.ActiveCfg = Release|Any CPU
		{8A2E9932-9AFC-4A42-A919-8DD52ED7702A}.Release|Any CPU.Build.0 = Release|Any CPU
		{4D632EE5-6777-421A-BA3D-1A7153541515}.Debug|Any CPU.ActiveCfg = Debug|Any CPU
		{4D632EE5-6777-421A-BA3D-1A7153541515}.Debug|Any CPU.Build.0 = Debug|Any CPU
		{4D632EE5-6777-421A-BA3D-1A7153541515}.Release|Any CPU.ActiveCfg = Release|Any CPU
		{4D632EE5-6777-421A-BA3D-1A7153541515}.Release|Any CPU.Build.0 = Release|Any CPU
		{DEE8E52E-5EF8-4170-A525-145E64612F81}.Debug|Any CPU.ActiveCfg = Debug|Any CPU
		{DEE8E52E-5EF8-4170-A525-145E64612F81}.Debug|Any CPU.Build.0 = Debug|Any CPU
		{DEE8E52E-5EF8-4170-A525-145E64612F81}.Release|Any CPU.ActiveCfg = Release|Any CPU
		{DEE8E52E-5EF8-4170-A525-145E64612F81}.Release|Any CPU.Build.0 = Release|Any CPU
		{EC134E90-7B18-4882-B7F0-119208A624F3}.Debug|Any CPU.ActiveCfg = Debug|Any CPU
		{EC134E90-7B18-4882-B7F0-119208A624F3}.Debug|Any CPU.Build.0 = Debug|Any CPU
		{EC134E90-7B18-4882-B7F0-119208A624F3}.Release|Any CPU.ActiveCfg = Release|Any CPU
		{EC134E90-7B18-4882-B7F0-119208A624F3}.Release|Any CPU.Build.0 = Release|Any CPU
		{CBEDF3FD-DC12-42BD-9871-CE588E25B60E}.Debug|Any CPU.ActiveCfg = Debug|Any CPU
		{CBEDF3FD-DC12-42BD-9871-CE588E25B60E}.Debug|Any CPU.Build.0 = Debug|Any CPU
		{CBEDF3FD-DC12-42BD-9871-CE588E25B60E}.Release|Any CPU.ActiveCfg = Release|Any CPU
		{CBEDF3FD-DC12-42BD-9871-CE588E25B60E}.Release|Any CPU.Build.0 = Release|Any CPU
	EndGlobalSection
	GlobalSection(SolutionProperties) = preSolution
		HideSolutionNode = FALSE
	EndGlobalSection
	GlobalSection(NestedProjects) = preSolution
		{8A2E9932-9AFC-4A42-A919-8DD52ED7702A} = {C2B84E31-72F8-4FEC-9966-24E88B096A4C}
		{4D632EE5-6777-421A-BA3D-1A7153541515} = {C2B84E31-72F8-4FEC-9966-24E88B096A4C}
		{DEE8E52E-5EF8-4170-A525-145E64612F81} = {C2B84E31-72F8-4FEC-9966-24E88B096A4C}
		{EC134E90-7B18-4882-B7F0-119208A624F3} = {C2B84E31-72F8-4FEC-9966-24E88B096A4C}
		{CBEDF3FD-DC12-42BD-9871-CE588E25B60E} = {C2B84E31-72F8-4FEC-9966-24E88B096A4C}
	EndGlobalSection
	GlobalSection(ExtensibilityGlobals) = postSolution
		SolutionGuid = {C68AC0DC-D575-4E47-9317-BCCA4756A16B}
	EndGlobalSection
EndGlobal
